{
  "name": "group-project",
  "version": "1.0.0",
  "lockfileVersion": 2,
  "requires": true,
  "packages": {
    "": {
      "name": "group-project",
      "version": "1.0.0",
      "license": "ISC",
      "dependencies": {
        "bootstrap": "^5.1.1",
        "compass-mixins": "^0.12.10",
        "simptip": "^1.0.4"
      }
    },
    "node_modules/bootstrap": {
      "version": "5.1.1",
      "resolved": "https://registry.npmjs.org/bootstrap/-/bootstrap-5.1.1.tgz",
      "integrity": "sha512-/jUa4sSuDZWlDLQ1gwQQR8uoYSvLJzDd8m5o6bPKh3asLAMYVZKdRCjb1joUd5WXf0WwCNzd2EjwQQhupou0dA==",
      "funding": {
        "type": "opencollective",
        "url": "https://opencollective.com/bootstrap"
      },
      "peerDependencies": {
        "@popperjs/core": "^2.10.1"
      }
    },
    "node_modules/compass-mixins": {
      "version": "0.12.10",
      "resolved": "https://registry.npmjs.org/compass-mixins/-/compass-mixins-0.12.10.tgz",
      "integrity": "sha1-zZ8V+CnE6WDMQ7sibwSbKL65nUE="
    },
    "node_modules/simptip": {
      "version": "1.0.4",
      "resolved": "https://registry.npmjs.org/simptip/-/simptip-1.0.4.tgz",
      "integrity": "sha512-2aaLhDADImy74QUXm9E6Ys0Z6ncCktBjRed1G7J56QVA588k6hvBJ51jWghPebzln0WR0UmzD7hAovuhhSXoWA=="
    }
  },
  "dependencies": {
    "bootstrap": {
      "version": "5.1.1",
      "resolved": "https://registry.npmjs.org/bootstrap/-/bootstrap-5.1.1.tgz",
      "integrity": "sha512-/jUa4sSuDZWlDLQ1gwQQR8uoYSvLJzDd8m5o6bPKh3asLAMYVZKdRCjb1joUd5WXf0WwCNzd2EjwQQhupou0dA==",
      "requires": {}
    },
    "compass-mixins": {
      "version": "0.12.10",
      "resolved": "https://registry.npmjs.org/compass-mixins/-/compass-mixins-0.12.10.tgz",
      "integrity": "sha1-zZ8V+CnE6WDMQ7sibwSbKL65nUE="
    },
    "simptip": {
      "version": "1.0.4",
      "resolved": "https://registry.npmjs.org/simptip/-/simptip-1.0.4.tgz",
      "integrity": "sha512-2aaLhDADImy74QUXm9E6Ys0Z6ncCktBjRed1G7J56QVA588k6hvBJ51jWghPebzln0WR0UmzD7hAovuhhSXoWA=="
    }
  }
}
